
Microsoft Visual Studio Solution File, Format Version 12.00
# Visual Studio Version 17
VisualStudioVersion = 17.14.37216.2 d17.14
MinimumVisualStudioVersion = 10.0.40219.1
Project("{FAE04EC0-301F-11D3-BF4B-00C04F79EFBC}") = "AhorcadoProyecto", "AhorcadoProyecto\AhorcadoProyecto.csproj", "{76B6A888-632B-458C-88AC-3C8C6814A062}"
EndProject
Global
	GlobalSection(SolutionConfigurationPlatforms) = preSolution
		Debug|Any CPU = Debug|Any CPU
		Release|Any CPU = Release|Any CPU
	EndGlobalSection
	GlobalSection(ProjectConfigurationPlatforms) = postSolution
		{76B6A888-632B-458C-88AC-3C8C6814A062}.Debug|Any CPU.ActiveCfg = Debug|Any CPU
		{76B6A888-632B-458C-88AC-3C8C6814A062}.Debug|Any CPU.Build.0 = Debug|Any CPU
		{76B6A888-632B-458C-88AC-3C8C6814A062}.Debug|Any CPU.Deploy.0 = Debug|Any CPU
		{76B6A888-632B-458C-88AC-3C8C6814A062}.Release|Any CPU.ActiveCfg = Release|Any CPU
		{76B6A888-632B-458C-88AC-3C8C6814A062}.Release|Any CPU.Build.0 = Release|Any CPU
		{76B6A888-632B-458C-88AC-3C8C6814A062}.Release|Any CPU.Deploy.0 = Release|Any CPU
	EndGlobalSection
	GlobalSection(SolutionProperties) = preSolution
		HideSolutionNode = FALSE
	EndGlobalSection
	GlobalSection(ExtensibilityGlobals) = postSolution
		SolutionGuid = {E9238763-3475-43DE-AAFD-651074BCB169}
	EndGlobalSection
EndGlobal
